
Microsoft Visual Studio Solution File, Format Version 12.00
# Visual Studio Version 17
VisualStudioVersion = 17.1.32210.238
MinimumVisualStudioVersion = 10.0.40219.1
Project("{FAE04EC0-301F-11D3-BF4B-00C04F79EFBC}") = "mmorpg", "mmorpg\mmorpg.csproj", "{CC3C4BA8-2495-45CB-B4C5-C67AFD6BD017}"
EndProject
Global
	GlobalSection(SolutionConfigurationPlatforms) = preSolution
		Debug|Any CPU = Debug|Any CPU
		Release|Any CPU = Release|Any CPU
	EndGlobalSection
	GlobalSection(ProjectConfigurationPlatforms) = postSolution
		{CC3C4BA8-2495-45CB-B4C5-C67AFD6BD017}.Debug|Any CPU.ActiveCfg = Debug|Any CPU
		{CC3C4BA8-2495-45CB-B4C5-C67AFD6BD017}.Debug|Any CPU.Build.0 = Debug|Any CPU
		{CC3C4BA8-2495-45CB-B4C5-C67AFD6BD017}.Release|Any CPU.ActiveCfg = Release|Any CPU
		{CC3C4BA8-2495-45CB-B4C5-C67AFD6BD017}.Release|Any CPU.Build.0 = Release|Any CPU
	EndGlobalSection
	GlobalSection(SolutionProperties) = preSolution
		HideSolutionNode = FALSE
	EndGlobalSection
	GlobalSection(ExtensibilityGlobals) = postSolution
		SolutionGuid = {F01251C3-F136-4A4D-B778-93E9823E2DD5}
	EndGlobalSection
EndGlobal
